// !$*UTF8*$!
{
	archiveVersion = 1;
	classes = {
	};
	objectVersion = 51;
	objects = {

/* Begin PBXBuildFile section */
		48C69F841706F5F4D7FA2DA5 /* Pods_Heroes.framework in Frameworks */ = {isa = PBXBuildFile; fileRef = 405F397D99923F4BD78DF7C9 /* Pods_Heroes.framework */; };
		4CB067C62D4DE3FBD1886DD0 /* Pods_HeroesTests.framework in Frameworks */ = {isa = PBXBuildFile; fileRef = E2F9A77EDB05C4D7BC05E81E /* Pods_HeroesTests.framework */; };
		F4205D562511D13600F82216 /* FetchHeroesUseCase.swift in Sources */ = {isa = PBXBuildFile; fileRef = F4205D552511D13600F82216 /* FetchHeroesUseCase.swift */; };
		F4205D592511D20600F82216 /* DotaService.swift in Sources */ = {isa = PBXBuildFile; fileRef = F4205D582511D20600F82216 /* DotaService.swift */; };
		F4205D5B2511D21200F82216 /* Dota.swift in Sources */ = {isa = PBXBuildFile; fileRef = F4205D5A2511D21200F82216 /* Dota.swift */; };
		F4205D602511DB0700F82216 /* HeroRepository.swift in Sources */ = {isa = PBXBuildFile; fileRef = F4205D5F2511DB0700F82216 /* HeroRepository.swift */; };
		F4205D622511DBC800F82216 /* HeroRepositoryType.swift in Sources */ = {isa = PBXBuildFile; fileRef = F4205D612511DBC800F82216 /* HeroRepositoryType.swift */; };
		F4205D6A2512597E00F82216 /* RoleCell.swift in Sources */ = {isa = PBXBuildFile; fileRef = F4205D682512597E00F82216 /* RoleCell.swift */; };
		F4205D6B2512597E00F82216 /* RoleCell.xib in Resources */ = {isa = PBXBuildFile; fileRef = F4205D692512597E00F82216 /* RoleCell.xib */; };
		F4205D6E251260CE00F82216 /* HeroCell.swift in Sources */ = {isa = PBXBuildFile; fileRef = F4205D6C251260CE00F82216 /* HeroCell.swift */; };
		F4205D6F251260CE00F82216 /* HeroCell.xib in Resources */ = {isa = PBXBuildFile; fileRef = F4205D6D251260CE00F82216 /* HeroCell.xib */; };
		F4205D71251337F600F82216 /* HeroDetailViewModel.swift in Sources */ = {isa = PBXBuildFile; fileRef = F4205D70251337F600F82216 /* HeroDetailViewModel.swift */; };
		F4205D7B251388F700F82216 /* CoreDataStorage.xcdatamodeld in Sources */ = {isa = PBXBuildFile; fileRef = F4205D78251388F700F82216 /* CoreDataStorage.xcdatamodeld */; };
		F4205D7F2513933400F82216 /* CoreDataStorage.swift in Sources */ = {isa = PBXBuildFile; fileRef = F4205D7E2513933400F82216 /* CoreDataStorage.swift */; };
		F4205D842514629B00F82216 /* HeroesResponseStorage.swift in Sources */ = {isa = PBXBuildFile; fileRef = F4205D832514629B00F82216 /* HeroesResponseStorage.swift */; };
		F4205D8725146C1700F82216 /* HeroEntity+Mapping.swift in Sources */ = {isa = PBXBuildFile; fileRef = F4205D8625146C1700F82216 /* HeroEntity+Mapping.swift */; };
		F4205D8B251508CA00F82216 /* Alertable.swift in Sources */ = {isa = PBXBuildFile; fileRef = F4205D8A251508CA00F82216 /* Alertable.swift */; };
		F4AB581125107921006FD69C /* AppDelegate.swift in Sources */ = {isa = PBXBuildFile; fileRef = F4AB581025107921006FD69C /* AppDelegate.swift */; };
		F4AB581825107921006FD69C /* Main.storyboard in Resources */ = {isa = PBXBuildFile; fileRef = F4AB581625107921006FD69C /* Main.storyboard */; };
		F4AB581A25107926006FD69C /* Assets.xcassets in Resources */ = {isa = PBXBuildFile; fileRef = F4AB581925107926006FD69C /* Assets.xcassets */; };
		F4AB581D25107926006FD69C /* LaunchScreen.storyboard in Resources */ = {isa = PBXBuildFile; fileRef = F4AB581B25107926006FD69C /* LaunchScreen.storyboard */; };
		F4AB58392511B625006FD69C /* Coordinator.swift in Sources */ = {isa = PBXBuildFile; fileRef = F4AB58382511B625006FD69C /* Coordinator.swift */; };
		F4AB583B2511B632006FD69C /* Storyboarded.swift in Sources */ = {isa = PBXBuildFile; fileRef = F4AB583A2511B632006FD69C /* Storyboarded.swift */; };
		F4AB583D2511B684006FD69C /* MainCoordinator.swift in Sources */ = {isa = PBXBuildFile; fileRef = F4AB583C2511B684006FD69C /* MainCoordinator.swift */; };
		F4AB58422511B737006FD69C /* MainViewController.swift in Sources */ = {isa = PBXBuildFile; fileRef = F4AB58412511B737006FD69C /* MainViewController.swift */; };
		F4AB58452511B7B3006FD69C /* Hero.swift in Sources */ = {isa = PBXBuildFile; fileRef = F4AB58442511B7B3006FD69C /* Hero.swift */; };
		F4AB58492511BD41006FD69C /* MainViewModel.swift in Sources */ = {isa = PBXBuildFile; fileRef = F4AB58482511BD41006FD69C /* MainViewModel.swift */; };
		F4AB584B2511BDF9006FD69C /* HeroDetailViewController.swift in Sources */ = {isa = PBXBuildFile; fileRef = F4AB584A2511BDF9006FD69C /* HeroDetailViewController.swift */; };
		F4C6F10A25158EA70076C1F6 /* FetchHeroesUseCaseTests.swift in Sources */ = {isa = PBXBuildFile; fileRef = F4C6F10925158EA70076C1F6 /* FetchHeroesUseCaseTests.swift */; };
/* End PBXBuildFile section */

/* Begin PBXContainerItemProxy section */
		F4AB582425107927006FD69C /* PBXContainerItemProxy */ = {
			isa = PBXContainerItemProxy;
			containerPortal = F4AB580525107921006FD69C /* Project object */;
			proxyType = 1;
			remoteGlobalIDString = F4AB580C25107921006FD69C;
			remoteInfo = Heroes;
		};
/* End PBXContainerItemProxy section */

/* Begin PBXFileReference section */
		405F397D99923F4BD78DF7C9 /* Pods_Heroes.framework */ = {isa = PBXFileReference; explicitFileType = wrapper.framework; includeInIndex = 0; path = Pods_Heroes.framework; sourceTree = BUILT_PRODUCTS_DIR; };
		83708C04C674A3A2625F233B /* Pods-Heroes.debug.xcconfig */ = {isa = PBXFileReference; includeInIndex = 1; lastKnownFileType = text.xcconfig; name = "Pods-Heroes.debug.xcconfig"; path = "Target Support Files/Pods-Heroes/Pods-Heroes.debug.xcconfig"; sourceTree = "<group>"; };
		983192F83665608D61081EB6 /* Pods-HeroesTests.debug.xcconfig */ = {isa = PBXFileReference; includeInIndex = 1; lastKnownFileType = text.xcconfig; name = "Pods-HeroesTests.debug.xcconfig"; path = "Target Support Files/Pods-HeroesTests/Pods-HeroesTests.debug.xcconfig"; sourceTree = "<group>"; };
		B4AF0BFCFE0D604C3A6A886B /* Pods-HeroesTests.release.xcconfig */ = {isa = PBXFileReference; includeInIndex = 1; lastKnownFileType = text.xcconfig; name = "Pods-HeroesTests.release.xcconfig"; path = "Target Support Files/Pods-HeroesTests/Pods-HeroesTests.release.xcconfig"; sourceTree = "<group>"; };
		E2F9A77EDB05C4D7BC05E81E /* Pods_HeroesTests.framework */ = {isa = PBXFileReference; explicitFileType = wrapper.framework; includeInIndex = 0; path = Pods_HeroesTests.framework; sourceTree = BUILT_PRODUCTS_DIR; };
		F4205D552511D13600F82216 /* FetchHeroesUseCase.swift */ = {isa = PBXFileReference; lastKnownFileType = sourcecode.swift; path = FetchHeroesUseCase.swift; sourceTree = "<group>"; };
		F4205D582511D20600F82216 /* DotaService.swift */ = {isa = PBXFileReference; lastKnownFileType = sourcecode.swift; path = DotaService.swift; sourceTree = "<group>"; };
		F4205D5A2511D21200F82216 /* Dota.swift */ = {isa = PBXFileReference; lastKnownFileType = sourcecode.swift; path = Dota.swift; sourceTree = "<group>"; };
		F4205D5F2511DB0700F82216 /* HeroRepository.swift */ = {isa = PBXFileReference; lastKnownFileType = sourcecode.swift; path = HeroRepository.swift; sourceTree = "<group>"; };
		F4205D612511DBC800F82216 /* HeroRepositoryType.swift */ = {isa = PBXFileReference; lastKnownFileType = sourcecode.swift; path = HeroRepositoryType.swift; sourceTree = "<group>"; };
		F4205D682512597E00F82216 /* RoleCell.swift */ = {isa = PBXFileReference; lastKnownFileType = sourcecode.swift; path = RoleCell.swift; sourceTree = "<group>"; };
		F4205D692512597E00F82216 /* RoleCell.xib */ = {isa = PBXFileReference; lastKnownFileType = file.xib; path = RoleCell.xib; sourceTree = "<group>"; };
		F4205D6C251260CE00F82216 /* HeroCell.swift */ = {isa = PBXFileReference; lastKnownFileType = sourcecode.swift; path = HeroCell.swift; sourceTree = "<group>"; };
		F4205D6D251260CE00F82216 /* HeroCell.xib */ = {isa = PBXFileReference; lastKnownFileType = file.xib; path = HeroCell.xib; sourceTree = "<group>"; };
		F4205D70251337F600F82216 /* HeroDetailViewModel.swift */ = {isa = PBXFileReference; lastKnownFileType = sourcecode.swift; path = HeroDetailViewModel.swift; sourceTree = "<group>"; };
		F4205D79251388F700F82216 /* CoreDataStorage.xcdatamodel */ = {isa = PBXFileReference; lastKnownFileType = wrapper.xcdatamodel; path = CoreDataStorage.xcdatamodel; sourceTree = "<group>"; };
		F4205D7A251388F700F82216 /* ManagedHero.xcdatamodel */ = {isa = PBXFileReference; lastKnownFileType = wrapper.xcdatamodel; path = ManagedHero.xcdatamodel; sourceTree = "<group>"; };
		F4205D7E2513933400F82216 /* CoreDataStorage.swift */ = {isa = PBXFileReference; lastKnownFileType = sourcecode.swift; path = CoreDataStorage.swift; sourceTree = "<group>"; };
		F4205D832514629B00F82216 /* HeroesResponseStorage.swift */ = {isa = PBXFileReference; lastKnownFileType = sourcecode.swift; path = HeroesResponseStorage.swift; sourceTree = "<group>"; };
		F4205D8625146C1700F82216 /* HeroEntity+Mapping.swift */ = {isa = PBXFileReference; lastKnownFileType = sourcecode.swift; path = "HeroEntity+Mapping.swift"; sourceTree = "<group>"; };
		F4205D8A251508CA00F82216 /* Alertable.swift */ = {isa = PBXFileReference; lastKnownFileType = sourcecode.swift; path = Alertable.swift; sourceTree = "<group>"; };
		F4AB580D25107921006FD69C /* Heroes.app */ = {isa = PBXFileReference; explicitFileType = wrapper.application; includeInIndex = 0; path = Heroes.app; sourceTree = BUILT_PRODUCTS_DIR; };
		F4AB581025107921006FD69C /* AppDelegate.swift */ = {isa = PBXFileReference; lastKnownFileType = sourcecode.swift; path = AppDelegate.swift; sourceTree = "<group>"; };
		F4AB581725107921006FD69C /* Base */ = {isa = PBXFileReference; lastKnownFileType = file.storyboard; name = Base; path = Base.lproj/Main.storyboard; sourceTree = "<group>"; };
		F4AB581925107926006FD69C /* Assets.xcassets */ = {isa = PBXFileReference; lastKnownFileType = folder.assetcatalog; path = Assets.xcassets; sourceTree = "<group>"; };
		F4AB581C25107926006FD69C /* Base */ = {isa = PBXFileReference; lastKnownFileType = file.storyboard; name = Base; path = Base.lproj/LaunchScreen.storyboard; sourceTree = "<group>"; };
		F4AB581E25107926006FD69C /* Info.plist */ = {isa = PBXFileReference; lastKnownFileType = text.plist.xml; path = Info.plist; sourceTree = "<group>"; };
		F4AB582325107927006FD69C /* HeroesTests.xctest */ = {isa = PBXFileReference; explicitFileType = wrapper.cfbundle; includeInIndex = 0; path = HeroesTests.xctest; sourceTree = BUILT_PRODUCTS_DIR; };
		F4AB582925107927006FD69C /* Info.plist */ = {isa = PBXFileReference; lastKnownFileType = text.plist.xml; path = Info.plist; sourceTree = "<group>"; };
		F4AB58382511B625006FD69C /* Coordinator.swift */ = {isa = PBXFileReference; lastKnownFileType = sourcecode.swift; path = Coordinator.swift; sourceTree = "<group>"; };
		F4AB583A2511B632006FD69C /* Storyboarded.swift */ = {isa = PBXFileReference; lastKnownFileType = sourcecode.swift; path = Storyboarded.swift; sourceTree = "<group>"; };
		F4AB583C2511B684006FD69C /* MainCoordinator.swift */ = {isa = PBXFileReference; lastKnownFileType = sourcecode.swift; path = MainCoordinator.swift; sourceTree = "<group>"; };
		F4AB58412511B737006FD69C /* MainViewController.swift */ = {isa = PBXFileReference; lastKnownFileType = sourcecode.swift; path = MainViewController.swift; sourceTree = "<group>"; };
		F4AB58442511B7B3006FD69C /* Hero.swift */ = {isa = PBXFileReference; lastKnownFileType = sourcecode.swift; path = Hero.swift; sourceTree = "<group>"; };
		F4AB58482511BD41006FD69C /* MainViewModel.swift */ = {isa = PBXFileReference; lastKnownFileType = sourcecode.swift; path = MainViewModel.swift; sourceTree = "<group>"; };
		F4AB584A2511BDF9006FD69C /* HeroDetailViewController.swift */ = {isa = PBXFileReference; fileEncoding = 4; lastKnownFileType = sourcecode.swift; path = HeroDetailViewController.swift; sourceTree = "<group>"; };
		F4C6F10925158EA70076C1F6 /* FetchHeroesUseCaseTests.swift */ = {isa = PBXFileReference; lastKnownFileType = sourcecode.swift; path = FetchHeroesUseCaseTests.swift; sourceTree = "<group>"; };
		F87AC9D9A7784BD57017E73A /* Pods-Heroes.release.xcconfig */ = {isa = PBXFileReference; includeInIndex = 1; lastKnownFileType = text.xcconfig; name = "Pods-Heroes.release.xcconfig"; path = "Target Support Files/Pods-Heroes/Pods-Heroes.release.xcconfig"; sourceTree = "<group>"; };
/* End PBXFileReference section */

/* Begin PBXFrameworksBuildPhase section */
		F4AB580A25107921006FD69C /* Frameworks */ = {
			isa = PBXFrameworksBuildPhase;
			buildActionMask = 2147483647;
			files = (
				48C69F841706F5F4D7FA2DA5 /* Pods_Heroes.framework in Frameworks */,
			);
			runOnlyForDeploymentPostprocessing = 0;
		};
		F4AB582025107927006FD69C /* Frameworks */ = {
			isa = PBXFrameworksBuildPhase;
			buildActionMask = 2147483647;
			files = (
				4CB067C62D4DE3FBD1886DD0 /* Pods_HeroesTests.framework in Frameworks */,
			);
			runOnlyForDeploymentPostprocessing = 0;
		};
/* End PBXFrameworksBuildPhase section */

/* Begin PBXGroup section */
		95A41B5DF33F74ED6AE4C805 /* Frameworks */ = {
			isa = PBXGroup;
			children = (
				405F397D99923F4BD78DF7C9 /* Pods_Heroes.framework */,
				E2F9A77EDB05C4D7BC05E81E /* Pods_HeroesTests.framework */,
			);
			name = Frameworks;
			sourceTree = "<group>";
		};
		B72C7AB0F589AEB1196764F2 /* Pods */ = {
			isa = PBXGroup;
			children = (
				83708C04C674A3A2625F233B /* Pods-Heroes.debug.xcconfig */,
				F87AC9D9A7784BD57017E73A /* Pods-Heroes.release.xcconfig */,
				983192F83665608D61081EB6 /* Pods-HeroesTests.debug.xcconfig */,
				B4AF0BFCFE0D604C3A6A886B /* Pods-HeroesTests.release.xcconfig */,
			);
			path = Pods;
			sourceTree = "<group>";
		};
		F4205D502511C40100F82216 /* Interface */ = {
			isa = PBXGroup;
			children = (
				F4205D512511CCD600F82216 /* Repositories */,
			);
			path = Interface;
			sourceTree = "<group>";
		};
		F4205D512511CCD600F82216 /* Repositories */ = {
			isa = PBXGroup;
			children = (
				F4205D612511DBC800F82216 /* HeroRepositoryType.swift */,
			);
			path = Repositories;
			sourceTree = "<group>";
		};
		F4205D542511D0EB00F82216 /* Use Cases */ = {
			isa = PBXGroup;
			children = (
				F4205D552511D13600F82216 /* FetchHeroesUseCase.swift */,
			);
			path = "Use Cases";
			sourceTree = "<group>";
		};
		F4205D572511D1D500F82216 /* Network */ = {
			isa = PBXGroup;
			children = (
				F4205D5A2511D21200F82216 /* Dota.swift */,
				F4205D582511D20600F82216 /* DotaService.swift */,
			);
			path = Network;
			sourceTree = "<group>";
		};
		F4205D5C2511D97C00F82216 /* Repositories */ = {
			isa = PBXGroup;
			children = (
				F4205D5F2511DB0700F82216 /* HeroRepository.swift */,
			);
			path = Repositories;
			sourceTree = "<group>";
		};
		F4205D632512589000F82216 /* Cell */ = {
			isa = PBXGroup;
			children = (
				F4205D682512597E00F82216 /* RoleCell.swift */,
				F4205D692512597E00F82216 /* RoleCell.xib */,
				F4205D6C251260CE00F82216 /* HeroCell.swift */,
				F4205D6D251260CE00F82216 /* HeroCell.xib */,
			);
			path = Cell;
			sourceTree = "<group>";
		};
		F4205D7C2513930600F82216 /* Persistent Storage */ = {
			isa = PBXGroup;
			children = (
				F4205D802513940A00F82216 /* HeroesResponseStorage */,
				F4205D7D2513932000F82216 /* CoreDataStorage */,
			);
			path = "Persistent Storage";
			sourceTree = "<group>";
		};
		F4205D7D2513932000F82216 /* CoreDataStorage */ = {
			isa = PBXGroup;
			children = (
				F4205D7E2513933400F82216 /* CoreDataStorage.swift */,
				F4205D78251388F700F82216 /* CoreDataStorage.xcdatamodeld */,
			);
			path = CoreDataStorage;
			sourceTree = "<group>";
		};
		F4205D802513940A00F82216 /* HeroesResponseStorage */ = {
			isa = PBXGroup;
			children = (
				F4205D8525146BEC00F82216 /* EntityMapping */,
				F4205D832514629B00F82216 /* HeroesResponseStorage.swift */,
			);
			path = HeroesResponseStorage;
			sourceTree = "<group>";
		};
		F4205D8525146BEC00F82216 /* EntityMapping */ = {
			isa = PBXGroup;
			children = (
				F4205D8625146C1700F82216 /* HeroEntity+Mapping.swift */,
			);
			path = EntityMapping;
			sourceTree = "<group>";
		};
		F4205D882515086800F82216 /* Utils */ = {
			isa = PBXGroup;
			children = (
				F4205D892515088900F82216 /* Protocols */,
			);
			path = Utils;
			sourceTree = "<group>";
		};
		F4205D892515088900F82216 /* Protocols */ = {
			isa = PBXGroup;
			children = (
				F4AB583A2511B632006FD69C /* Storyboarded.swift */,
				F4205D8A251508CA00F82216 /* Alertable.swift */,
			);
			path = Protocols;
			sourceTree = "<group>";
		};
		F4AB580425107921006FD69C = {
			isa = PBXGroup;
			children = (
				F4AB580F25107921006FD69C /* Heroes */,
				F4AB582625107927006FD69C /* HeroesTests */,
				F4AB580E25107921006FD69C /* Products */,
				B72C7AB0F589AEB1196764F2 /* Pods */,
				95A41B5DF33F74ED6AE4C805 /* Frameworks */,
			);
			sourceTree = "<group>";
		};
		F4AB580E25107921006FD69C /* Products */ = {
			isa = PBXGroup;
			children = (
				F4AB580D25107921006FD69C /* Heroes.app */,
				F4AB582325107927006FD69C /* HeroesTests.xctest */,
			);
			name = Products;
			sourceTree = "<group>";
		};
		F4AB580F25107921006FD69C /* Heroes */ = {
			isa = PBXGroup;
			children = (
				F4AB58322511B4F3006FD69C /* Application */,
				F4AB58332511B504006FD69C /* Common */,
				F4AB58372511B531006FD69C /* Data */,
				F4AB58362511B52C006FD69C /* Domain */,
				F4AB58352511B526006FD69C /* Infrastructure */,
				F4AB58342511B518006FD69C /* Presentation */,
				F4AB581625107921006FD69C /* Main.storyboard */,
				F4AB581925107926006FD69C /* Assets.xcassets */,
				F4AB581B25107926006FD69C /* LaunchScreen.storyboard */,
				F4AB581E25107926006FD69C /* Info.plist */,
			);
			path = Heroes;
			sourceTree = "<group>";
		};
		F4AB582625107927006FD69C /* HeroesTests */ = {
			isa = PBXGroup;
			children = (
				F4C6F10525158E230076C1F6 /* Domain */,
				F4AB582925107927006FD69C /* Info.plist */,
			);
			path = HeroesTests;
			sourceTree = "<group>";
		};
		F4AB58322511B4F3006FD69C /* Application */ = {
			isa = PBXGroup;
			children = (
				F4AB581025107921006FD69C /* AppDelegate.swift */,
				F4AB58382511B625006FD69C /* Coordinator.swift */,
				F4AB583C2511B684006FD69C /* MainCoordinator.swift */,
			);
			path = Application;
			sourceTree = "<group>";
		};
		F4AB58332511B504006FD69C /* Common */ = {
			isa = PBXGroup;
			children = (
			);
			path = Common;
			sourceTree = "<group>";
		};
		F4AB58342511B518006FD69C /* Presentation */ = {
			isa = PBXGroup;
			children = (
				F4205D882515086800F82216 /* Utils */,
				F4AB583E2511B6E4006FD69C /* Scenes */,
			);
			path = Presentation;
			sourceTree = "<group>";
		};
		F4AB58352511B526006FD69C /* Infrastructure */ = {
			isa = PBXGroup;
			children = (
				F4205D572511D1D500F82216 /* Network */,
			);
			path = Infrastructure;
			sourceTree = "<group>";
		};
		F4AB58362511B52C006FD69C /* Domain */ = {
			isa = PBXGroup;
			children = (
				F4AB58432511B7A0006FD69C /* Entities */,
				F4205D502511C40100F82216 /* Interface */,
				F4205D542511D0EB00F82216 /* Use Cases */,
			);
			path = Domain;
			sourceTree = "<group>";
		};
		F4AB58372511B531006FD69C /* Data */ = {
			isa = PBXGroup;
			children = (
				F4205D7C2513930600F82216 /* Persistent Storage */,
				F4205D5C2511D97C00F82216 /* Repositories */,
			);
			path = Data;
			sourceTree = "<group>";
		};
		F4AB583E2511B6E4006FD69C /* Scenes */ = {
			isa = PBXGroup;
			children = (
				F4AB583F2511B6E9006FD69C /* Main */,
				F4AB58402511B6F6006FD69C /* Heroes Detail */,
			);
			path = Scenes;
			sourceTree = "<group>";
		};
		F4AB583F2511B6E9006FD69C /* Main */ = {
			isa = PBXGroup;
			children = (
				F4205D632512589000F82216 /* Cell */,
				F4AB58412511B737006FD69C /* MainViewController.swift */,
				F4AB58482511BD41006FD69C /* MainViewModel.swift */,
			);
			path = Main;
			sourceTree = "<group>";
		};
		F4AB58402511B6F6006FD69C /* Heroes Detail */ = {
			isa = PBXGroup;
			children = (
				F4AB584A2511BDF9006FD69C /* HeroDetailViewController.swift */,
				F4205D70251337F600F82216 /* HeroDetailViewModel.swift */,
			);
			path = "Heroes Detail";
			sourceTree = "<group>";
		};
		F4AB58432511B7A0006FD69C /* Entities */ = {
			isa = PBXGroup;
			children = (
				F4AB58442511B7B3006FD69C /* Hero.swift */,
			);
			path = Entities;
			sourceTree = "<group>";
		};
		F4C6F10525158E230076C1F6 /* Domain */ = {
			isa = PBXGroup;
			children = (
				F4C6F10625158E2B0076C1F6 /* Use Cases */,
			);
			path = Domain;
			sourceTree = "<group>";
		};
		F4C6F10625158E2B0076C1F6 /* Use Cases */ = {
			isa = PBXGroup;
			children = (
				F4C6F10925158EA70076C1F6 /* FetchHeroesUseCaseTests.swift */,
			);
			path = "Use Cases";
			sourceTree = "<group>";
		};
/* End PBXGroup section */

/* Begin PBXNativeTarget section */
		F4AB580C25107921006FD69C /* Heroes */ = {
			isa = PBXNativeTarget;
			buildConfigurationList = F4AB582C25107927006FD69C /* Build configuration list for PBXNativeTarget "Heroes" */;
			buildPhases = (
				D7A0FAC54BFD8601D5295F7F /* [CP] Check Pods Manifest.lock */,
				F4AB580925107921006FD69C /* Sources */,
				F4AB580A25107921006FD69C /* Frameworks */,
				F4AB580B25107921006FD69C /* Resources */,
				1746AB43E388F3A6EEBD246C /* [CP] Embed Pods Frameworks */,
			);
			buildRules = (
			);
			dependencies = (
			);
			name = Heroes;
			productName = Heroes;
			productReference = F4AB580D25107921006FD69C /* Heroes.app */;
			productType = "com.apple.product-type.application";
		};
		F4AB582225107927006FD69C /* HeroesTests */ = {
			isa = PBXNativeTarget;
			buildConfigurationList = F4AB582F25107927006FD69C /* Build configuration list for PBXNativeTarget "HeroesTests" */;
			buildPhases = (
				847AB578D09A43A043CD2038 /* [CP] Check Pods Manifest.lock */,
				F4AB581F25107927006FD69C /* Sources */,
				F4AB582025107927006FD69C /* Frameworks */,
				F4AB582125107927006FD69C /* Resources */,
			);
			buildRules = (
			);
			dependencies = (
				F4AB582525107927006FD69C /* PBXTargetDependency */,
			);
			name = HeroesTests;
			productName = HeroesTests;
			productReference = F4AB582325107927006FD69C /* HeroesTests.xctest */;
			productType = "com.apple.product-type.bundle.unit-test";
		};
/* End PBXNativeTarget section */

/* Begin PBXProject section */
		F4AB580525107921006FD69C /* Project object */ = {
			isa = PBXProject;
			attributes = {
				LastSwiftUpdateCheck = 1160;
				LastUpgradeCheck = 1160;
				ORGANIZATIONNAME = Robihamanto;
				TargetAttributes = {
					F4AB580C25107921006FD69C = {
						CreatedOnToolsVersion = 11.6;
					};
					F4AB582225107927006FD69C = {
						CreatedOnToolsVersion = 11.6;
						TestTargetID = F4AB580C25107921006FD69C;
					};
				};
			};
			buildConfigurationList = F4AB580825107921006FD69C /* Build configuration list for PBXProject "Heroes" */;
			compatibilityVersion = "Xcode 9.3";
			developmentRegion = en;
			hasScannedForEncodings = 0;
			knownRegions = (
				en,
				Base,
			);
			mainGroup = F4AB580425107921006FD69C;
			productRefGroup = F4AB580E25107921006FD69C /* Products */;
			projectDirPath = "";
			projectRoot = "";
			targets = (
				F4AB580C25107921006FD69C /* Heroes */,
				F4AB582225107927006FD69C /* HeroesTests */,
			);
		};
/* End PBXProject section */

/* Begin PBXResourcesBuildPhase section */
		F4AB580B25107921006FD69C /* Resources */ = {
			isa = PBXResourcesBuildPhase;
			buildActionMask = 2147483647;
			files = (
				F4AB581D25107926006FD69C /* LaunchScreen.storyboard in Resources */,
				F4AB581A25107926006FD69C /* Assets.xcassets in Resources */,
				F4AB581825107921006FD69C /* Main.storyboard in Resources */,
				F4205D6B2512597E00F82216 /* RoleCell.xib in Resources */,
				F4205D6F251260CE00F82216 /* HeroCell.xib in Resources */,
			);
			runOnlyForDeploymentPostprocessing = 0;
		};
		F4AB582125107927006FD69C /* Resources */ = {
			isa = PBXResourcesBuildPhase;
			buildActionMask = 2147483647;
			files = (
			);
			runOnlyForDeploymentPostprocessing = 0;
		};
/* End PBXResourcesBuildPhase section */

/* Begin PBXShellScriptBuildPhase section */
		1746AB43E388F3A6EEBD246C /* [CP] Embed Pods Frameworks */ = {
			isa = PBXShellScriptBuildPhase;
			buildActionMask = 2147483647;
			files = (
			);
			inputFileListPaths = (
				"${PODS_ROOT}/Target Support Files/Pods-Heroes/Pods-Heroes-frameworks-${CONFIGURATION}-input-files.xcfilelist",
			);
			name = "[CP] Embed Pods Frameworks";
			outputFileListPaths = (
				"${PODS_ROOT}/Target Support Files/Pods-Heroes/Pods-Heroes-frameworks-${CONFIGURATION}-output-files.xcfilelist",
			);
			runOnlyForDeploymentPostprocessing = 0;
			shellPath = /bin/sh;
			shellScript = "\"${PODS_ROOT}/Target Support Files/Pods-Heroes/Pods-Heroes-frameworks.sh\"\n";
			showEnvVarsInLog = 0;
		};
		847AB578D09A43A043CD2038 /* [CP] Check Pods Manifest.lock */ = {
			isa = PBXShellScriptBuildPhase;
			buildActionMask = 2147483647;
			files = (
			);
			inputFileListPaths = (
			);
			inputPaths = (
				"${PODS_PODFILE_DIR_PATH}/Podfile.lock",
				"${PODS_ROOT}/Manifest.lock",
			);
			name = "[CP] Check Pods Manifest.lock";
			outputFileListPaths = (
			);
			outputPaths = (
				"$(DERIVED_FILE_DIR)/Pods-HeroesTests-checkManifestLockResult.txt",
			);
			runOnlyForDeploymentPostprocessing = 0;
			shellPath = /bin/sh;
			shellScript = "diff \"${PODS_PODFILE_DIR_PATH}/Podfile.lock\" \"${PODS_ROOT}/Manifest.lock\" > /dev/null\nif [ $? != 0 ] ; then\n    # print error to STDERR\n    echo \"error: The sandbox is not in sync with the Podfile.lock. Run 'pod install' or update your CocoaPods installation.\" >&2\n    exit 1\nfi\n# This output is used by Xcode 'outputs' to avoid re-running this script phase.\necho \"SUCCESS\" > \"${SCRIPT_OUTPUT_FILE_0}\"\n";
			showEnvVarsInLog = 0;
		};
		D7A0FAC54BFD8601D5295F7F /* [CP] Check Pods Manifest.lock */ = {
			isa = PBXShellScriptBuildPhase;
			buildActionMask = 2147483647;
			files = (
			);
			inputFileListPaths = (
			);
			inputPaths = (
				"${PODS_PODFILE_DIR_PATH}/Podfile.lock",
				"${PODS_ROOT}/Manifest.lock",
			);
			name = "[CP] Check Pods Manifest.lock";
			outputFileListPaths = (
			);
			outputPaths = (
				"$(DERIVED_FILE_DIR)/Pods-Heroes-checkManifestLockResult.txt",
			);
			runOnlyForDeploymentPostprocessing = 0;
			shellPath = /bin/sh;
			shellScript = "diff \"${PODS_PODFILE_DIR_PATH}/Podfile.lock\" \"${PODS_ROOT}/Manifest.lock\" > /dev/null\nif [ $? != 0 ] ; then\n    # print error to STDERR\n    echo \"error: The sandbox is not in sync with the Podfile.lock. Run 'pod install' or update your CocoaPods installation.\" >&2\n    exit 1\nfi\n# This output is used by Xcode 'outputs' to avoid re-running this script phase.\necho \"SUCCESS\" > \"${SCRIPT_OUTPUT_FILE_0}\"\n";
			showEnvVarsInLog = 0;
		};
/* End PBXShellScriptBuildPhase section */

/* Begin PBXSourcesBuildPhase section */
		F4AB580925107921006FD69C /* Sources */ = {
			isa = PBXSourcesBuildPhase;
			buildActionMask = 2147483647;
			files = (
				F4205D6E251260CE00F82216 /* HeroCell.swift in Sources */,
				F4205D71251337F600F82216 /* HeroDetailViewModel.swift in Sources */,
				F4205D602511DB0700F82216 /* HeroRepository.swift in Sources */,
				F4AB58392511B625006FD69C /* Coordinator.swift in Sources */,
				F4205D562511D13600F82216 /* FetchHeroesUseCase.swift in Sources */,
				F4AB584B2511BDF9006FD69C /* HeroDetailViewController.swift in Sources */,
				F4AB583D2511B684006FD69C /* MainCoordinator.swift in Sources */,
				F4205D592511D20600F82216 /* DotaService.swift in Sources */,
				F4205D622511DBC800F82216 /* HeroRepositoryType.swift in Sources */,
				F4AB581125107921006FD69C /* AppDelegate.swift in Sources */,
				F4205D842514629B00F82216 /* HeroesResponseStorage.swift in Sources */,
				F4AB583B2511B632006FD69C /* Storyboarded.swift in Sources */,
				F4205D7B251388F700F82216 /* CoreDataStorage.xcdatamodeld in Sources */,
				F4205D8725146C1700F82216 /* HeroEntity+Mapping.swift in Sources */,
				F4205D7F2513933400F82216 /* CoreDataStorage.swift in Sources */,
				F4205D8B251508CA00F82216 /* Alertable.swift in Sources */,
				F4205D6A2512597E00F82216 /* RoleCell.swift in Sources */,
				F4AB58422511B737006FD69C /* MainViewController.swift in Sources */,
				F4205D5B2511D21200F82216 /* Dota.swift in Sources */,
				F4AB58452511B7B3006FD69C /* Hero.swift in Sources */,
				F4AB58492511BD41006FD69C /* MainViewModel.swift in Sources */,
			);
			runOnlyForDeploymentPostprocessing = 0;
		};
		F4AB581F25107927006FD69C /* Sources */ = {
			isa = PBXSourcesBuildPhase;
			buildActionMask = 2147483647;
			files = (
				F4C6F10A25158EA70076C1F6 /* FetchHeroesUseCaseTests.swift in Sources */,
			);
			runOnlyForDeploymentPostprocessing = 0;
		};
/* End PBXSourcesBuildPhase section */

/* Begin PBXTargetDependency section */
		F4AB582525107927006FD69C /* PBXTargetDependency */ = {
			isa = PBXTargetDependency;
			target = F4AB580C25107921006FD69C /* Heroes */;
			targetProxy = F4AB582425107927006FD69C /* PBXContainerItemProxy */;
		};
/* End PBXTargetDependency section */

/* Begin PBXVariantGroup section */
		F4AB581625107921006FD69C /* Main.storyboard */ = {
			isa = PBXVariantGroup;
			children = (
				F4AB581725107921006FD69C /* Base */,
			);
			name = Main.storyboard;
			sourceTree = "<group>";
		};
		F4AB581B25107926006FD69C /* LaunchScreen.storyboard */ = {
			isa = PBXVariantGroup;
			children = (
				F4AB581C25107926006FD69C /* Base */,
			);
			name = LaunchScreen.storyboard;
			sourceTree = "<group>";
		};
/* End PBXVariantGroup section */

/* Begin XCBuildConfiguration section */
		F4AB582A25107927006FD69C /* Debug */ = {
			isa = XCBuildConfiguration;
			buildSettings = {
				ALWAYS_SEARCH_USER_PATHS = NO;
				CLANG_ANALYZER_NONNULL = YES;
				CLANG_ANALYZER_NUMBER_OBJECT_CONVERSION = YES_AGGRESSIVE;
				CLANG_CXX_LANGUAGE_STANDARD = "gnu++14";
				CLANG_CXX_LIBRARY = "libc++";
				CLANG_ENABLE_MODULES = YES;
				CLANG_ENABLE_OBJC_ARC = YES;
				CLANG_ENABLE_OBJC_WEAK = YES;
				CLANG_WARN_BLOCK_CAPTURE_AUTORELEASING = YES;
				CLANG_WARN_BOOL_CONVERSION = YES;
				CLANG_WARN_COMMA = YES;
				CLANG_WARN_CONSTANT_CONVERSION = YES;
				CLANG_WARN_DEPRECATED_OBJC_IMPLEMENTATIONS = YES;
				CLANG_WARN_DIRECT_OBJC_ISA_USAGE = YES_ERROR;
				CLANG_WARN_DOCUMENTATION_COMMENTS = YES;
				CLANG_WARN_EMPTY_BODY = YES;
				CLANG_WARN_ENUM_CONVERSION = YES;
				CLANG_WARN_INFINITE_RECURSION = YES;
				CLANG_WARN_INT_CONVERSION = YES;
				CLANG_WARN_NON_LITERAL_NULL_CONVERSION = YES;
				CLANG_WARN_OBJC_IMPLICIT_RETAIN_SELF = YES;
				CLANG_WARN_OBJC_LITERAL_CONVERSION = YES;
				CLANG_WARN_OBJC_ROOT_CLASS = YES_ERROR;
				CLANG_WARN_RANGE_LOOP_ANALYSIS = YES;
				CLANG_WARN_STRICT_PROTOTYPES = YES;
				CLANG_WARN_SUSPICIOUS_MOVE = YES;
				CLANG_WARN_UNGUARDED_AVAILABILITY = YES_AGGRESSIVE;
				CLANG_WARN_UNREACHABLE_CODE = YES;
				CLANG_WARN__DUPLICATE_METHOD_MATCH = YES;
				COPY_PHASE_STRIP = NO;
				DEBUG_INFORMATION_FORMAT = dwarf;
				ENABLE_STRICT_OBJC_MSGSEND = YES;
				ENABLE_TESTABILITY = YES;
				GCC_C_LANGUAGE_STANDARD = gnu11;
				GCC_DYNAMIC_NO_PIC = NO;
				GCC_NO_COMMON_BLOCKS = YES;
				GCC_OPTIMIZATION_LEVEL = 0;
				GCC_PREPROCESSOR_DEFINITIONS = (
					"DEBUG=1",
					"$(inherited)",
				);
				GCC_WARN_64_TO_32_BIT_CONVERSION = YES;
				GCC_WARN_ABOUT_RETURN_TYPE = YES_ERROR;
				GCC_WARN_UNDECLARED_SELECTOR = YES;
				GCC_WARN_UNINITIALIZED_AUTOS = YES_AGGRESSIVE;
				GCC_WARN_UNUSED_FUNCTION = YES;
				GCC_WARN_UNUSED_VARIABLE = YES;
				IPHONEOS_DEPLOYMENT_TARGET = 13.6;
				MTL_ENABLE_DEBUG_INFO = INCLUDE_SOURCE;
				MTL_FAST_MATH = YES;
				ONLY_ACTIVE_ARCH = YES;
				SDKROOT = iphoneos;
				SWIFT_ACTIVE_COMPILATION_CONDITIONS = DEBUG;
				SWIFT_OPTIMIZATION_LEVEL = "-Onone";
			};
			name = Debug;
		};
		F4AB582B25107927006FD69C /* Release */ = {
			isa = XCBuildConfiguration;
			buildSettings = {
				ALWAYS_SEARCH_USER_PATHS = NO;
				CLANG_ANALYZER_NONNULL = YES;
				CLANG_ANALYZER_NUMBER_OBJECT_CONVERSION = YES_AGGRESSIVE;
				CLANG_CXX_LANGUAGE_STANDARD = "gnu++14";
				CLANG_CXX_LIBRARY = "libc++";
				CLANG_ENABLE_MODULES = YES;
				CLANG_ENABLE_OBJC_ARC = YES;
				CLANG_ENABLE_OBJC_WEAK = YES;
				CLANG_WARN_BLOCK_CAPTURE_AUTORELEASING = YES;
				CLANG_WARN_BOOL_CONVERSION = YES;
				CLANG_WARN_COMMA = YES;
				CLANG_WARN_CONSTANT_CONVERSION = YES;
				CLANG_WARN_DEPRECATED_OBJC_IMPLEMENTATIONS = YES;
				CLANG_WARN_DIRECT_OBJC_ISA_USAGE = YES_ERROR;
				CLANG_WARN_DOCUMENTATION_COMMENTS = YES;
				CLANG_WARN_EMPTY_BODY = YES;
				CLANG_WARN_ENUM_CONVERSION = YES;
				CLANG_WARN_INFINITE_RECURSION = YES;
				CLANG_WARN_INT_CONVERSION = YES;
				CLANG_WARN_NON_LITERAL_NULL_CONVERSION = YES;
				CLANG_WARN_OBJC_IMPLICIT_RETAIN_SELF = YES;
				CLANG_WARN_OBJC_LITERAL_CONVERSION = YES;
				CLANG_WARN_OBJC_ROOT_CLASS = YES_ERROR;
				CLANG_WARN_RANGE_LOOP_ANALYSIS = YES;
				CLANG_WARN_STRICT_PROTOTYPES = YES;
				CLANG_WARN_SUSPICIOUS_MOVE = YES;
				CLANG_WARN_UNGUARDED_AVAILABILITY = YES_AGGRESSIVE;
				CLANG_WARN_UNREACHABLE_CODE = YES;
				CLANG_WARN__DUPLICATE_METHOD_MATCH = YES;
				COPY_PHASE_STRIP = NO;
				DEBUG_INFORMATION_FORMAT = "dwarf-with-dsym";
				ENABLE_NS_ASSERTIONS = NO;
				ENABLE_STRICT_OBJC_MSGSEND = YES;
				GCC_C_LANGUAGE_STANDARD = gnu11;
				GCC_NO_COMMON_BLOCKS = YES;
				GCC_WARN_64_TO_32_BIT_CONVERSION = YES;
				GCC_WARN_ABOUT_RETURN_TYPE = YES_ERROR;
				GCC_WARN_UNDECLARED_SELECTOR = YES;
				GCC_WARN_UNINITIALIZED_AUTOS = YES_AGGRESSIVE;
				GCC_WARN_UNUSED_FUNCTION = YES;
				GCC_WARN_UNUSED_VARIABLE = YES;
				IPHONEOS_DEPLOYMENT_TARGET = 13.6;
				MTL_ENABLE_DEBUG_INFO = NO;
				MTL_FAST_MATH = YES;
				SDKROOT = iphoneos;
				SWIFT_COMPILATION_MODE = wholemodule;
				SWIFT_OPTIMIZATION_LEVEL = "-O";
				VALIDATE_PRODUCT = YES;
			};
			name = Release;
		};
		F4AB582D25107927006FD69C /* Debug */ = {
			isa = XCBuildConfiguration;
			baseConfigurationReference = 83708C04C674A3A2625F233B /* Pods-Heroes.debug.xcconfig */;
			buildSettings = {
				ASSETCATALOG_COMPILER_APPICON_NAME = AppIcon;
				CODE_SIGN_STYLE = Automatic;
				DEVELOPMENT_TEAM = N9U3ASR94C;
				INFOPLIST_FILE = Heroes/Info.plist;
				IPHONEOS_DEPLOYMENT_TARGET = 12.0;
				LD_RUNPATH_SEARCH_PATHS = (
					"$(inherited)",
					"@executable_path/Frameworks",
				);
				PRODUCT_BUNDLE_IDENTIFIER = id.robihamanto.Heroes;
				PRODUCT_NAME = "$(TARGET_NAME)";
				SWIFT_VERSION = 5.0;
				TARGETED_DEVICE_FAMILY = 1;
			};
			name = Debug;
		};
		F4AB582E25107927006FD69C /* Release */ = {
			isa = XCBuildConfiguration;
			baseConfigurationReference = F87AC9D9A7784BD57017E73A /* Pods-Heroes.release.xcconfig */;
			buildSettings = {
				ASSETCATALOG_COMPILER_APPICON_NAME = AppIcon;
				CODE_SIGN_STYLE = Automatic;
				DEVELOPMENT_TEAM = N9U3ASR94C;
				INFOPLIST_FILE = Heroes/Info.plist;
				IPHONEOS_DEPLOYMENT_TARGET = 12.0;
				LD_RUNPATH_SEARCH_PATHS = (
					"$(inherited)",
					"@executable_path/Frameworks",
				);
				PRODUCT_BUNDLE_IDENTIFIER = id.robihamanto.Heroes;
				PRODUCT_NAME = "$(TARGET_NAME)";
				SWIFT_VERSION = 5.0;
				TARGETED_DEVICE_FAMILY = 1;
			};
			name = Release;
		};
		F4AB583025107927006FD69C /* Debug */ = {
			isa = XCBuildConfiguration;
			baseConfigurationReference = 983192F83665608D61081EB6 /* Pods-HeroesTests.debug.xcconfig */;
			buildSettings = {
				ALWAYS_EMBED_SWIFT_STANDARD_LIBRARIES = YES;
				BUNDLE_LOADER = "$(TEST_HOST)";
				CODE_SIGN_STYLE = Automatic;
				DEVELOPMENT_TEAM = N9U3ASR94C;
				INFOPLIST_FILE = HeroesTests/Info.plist;
				IPHONEOS_DEPLOYMENT_TARGET = 13.6;
				LD_RUNPATH_SEARCH_PATHS = (
					"$(inherited)",
					"@executable_path/Frameworks",
					"@loader_path/Frameworks",
				);
				PRODUCT_BUNDLE_IDENTIFIER = id.robihamanto.HeroesTests;
				PRODUCT_NAME = "$(TARGET_NAME)";
				SWIFT_VERSION = 5.0;
				TARGETED_DEVICE_FAMILY = "1,2";
				TEST_HOST = "$(BUILT_PRODUCTS_DIR)/Heroes.app/Heroes";
			};
			name = Debug;
		};
		F4AB583125107927006FD69C /* Release */ = {
			isa = XCBuildConfiguration;
			baseConfigurationReference = B4AF0BFCFE0D604C3A6A886B /* Pods-HeroesTests.release.xcconfig */;
			buildSettings = {
				ALWAYS_EMBED_SWIFT_STANDARD_LIBRARIES = YES;
				BUNDLE_LOADER = "$(TEST_HOST)";
				CODE_SIGN_STYLE = Automatic;
				DEVELOPMENT_TEAM = N9U3ASR94C;
				INFOPLIST_FILE = HeroesTests/Info.plist;
				IPHONEOS_DEPLOYMENT_TARGET = 13.6;
				LD_RUNPATH_SEARCH_PATHS = (
					"$(inherited)",
					"@executable_path/Frameworks",
					"@loader_path/Frameworks",
				);
				PRODUCT_BUNDLE_IDENTIFIER = id.robihamanto.HeroesTests;
				PRODUCT_NAME = "$(TARGET_NAME)";
				SWIFT_VERSION = 5.0;
				TARGETED_DEVICE_FAMILY = "1,2";
				TEST_HOST = "$(BUILT_PRODUCTS_DIR)/Heroes.app/Heroes";
			};
			name = Release;
		};
/* End XCBuildConfiguration section */

/* Begin XCConfigurationList section */
		F4AB580825107921006FD69C /* Build configuration list for PBXProject "Heroes" */ = {
			isa = XCConfigurationList;
			buildConfigurations = (
				F4AB582A25107927006FD69C /* Debug */,
				F4AB582B25107927006FD69C /* Release */,
			);
			defaultConfigurationIsVisible = 0;
			defaultConfigurationName = Release;
		};
		F4AB582C25107927006FD69C /* Build configuration list for PBXNativeTarget "Heroes" */ = {
			isa = XCConfigurationList;
			buildConfigurations = (
				F4AB582D25107927006FD69C /* Debug */,
				F4AB582E25107927006FD69C /* Release */,
			);
			defaultConfigurationIsVisible = 0;
			defaultConfigurationName = Release;
		};
		F4AB582F25107927006FD69C /* Build configuration list for PBXNativeTarget "HeroesTests" */ = {
			isa = XCConfigurationList;
			buildConfigurations = (
				F4AB583025107927006FD69C /* Debug */,
				F4AB583125107927006FD69C /* Release */,
			);
			defaultConfigurationIsVisible = 0;
			defaultConfigurationName = Release;
		};
/* End XCConfigurationList section */

/* Begin XCVersionGroup section */
		F4205D78251388F700F82216 /* CoreDataStorage.xcdatamodeld */ = {
			isa = XCVersionGroup;
			children = (
				F4205D79251388F700F82216 /* CoreDataStorage.xcdatamodel */,
				F4205D7A251388F700F82216 /* ManagedHero.xcdatamodel */,
			);
			currentVersion = F4205D79251388F700F82216 /* CoreDataStorage.xcdatamodel */;
			path = CoreDataStorage.xcdatamodeld;
			sourceTree = "<group>";
			versionGroupType = wrapper.xcdatamodel;
		};
/* End XCVersionGroup section */
	};
	rootObject = F4AB580525107921006FD69C /* Project object */;
}
